// !$*UTF8*$!
{
	archiveVersion = 1;
	classes = {
	};
	objectVersion = 55;
	objects = {

/* Begin PBXBuildFile section */
		4C48032E28980841002BDF67 /* AppDelegate.swift in Sources */ = {isa = PBXBuildFile; fileRef = 4C48032D28980841002BDF67 /* AppDelegate.swift */; };
		4C48033028980841002BDF67 /* SceneDelegate.swift in Sources */ = {isa = PBXBuildFile; fileRef = 4C48032F28980841002BDF67 /* SceneDelegate.swift */; };
		4C48033228980841002BDF67 /* MainViewController.swift in Sources */ = {isa = PBXBuildFile; fileRef = 4C48033128980841002BDF67 /* MainViewController.swift */; };
		4C48033728980844002BDF67 /* Assets.xcassets in Resources */ = {isa = PBXBuildFile; fileRef = 4C48033628980844002BDF67 /* Assets.xcassets */; };
		4C48033A28980844002BDF67 /* LaunchScreen.storyboard in Resources */ = {isa = PBXBuildFile; fileRef = 4C48033828980844002BDF67 /* LaunchScreen.storyboard */; };
		4C48034528981939002BDF67 /* UIColor + Extensions.swift in Sources */ = {isa = PBXBuildFile; fileRef = 4C48034428981939002BDF67 /* UIColor + Extensions.swift */; };
		4C4803472898193C002BDF67 /* UIFont + Extensions.swift in Sources */ = {isa = PBXBuildFile; fileRef = 4C4803462898193C002BDF67 /* UIFont + Extensions.swift */; };
		4C48034A2898193F002BDF67 /* UILabel + Extensions.swift in Sources */ = {isa = PBXBuildFile; fileRef = 4C4803492898193F002BDF67 /* UILabel + Extensions.swift */; };
		4C48034C28981940002BDF67 /* UIStackView + Extensions.swift in Sources */ = {isa = PBXBuildFile; fileRef = 4C48034B28981940002BDF67 /* UIStackView + Extensions.swift */; };
		4C48034E28981945002BDF67 /* UIView+Extension.swift in Sources */ = {isa = PBXBuildFile; fileRef = 4C48034D28981945002BDF67 /* UIView+Extension.swift */; };
		4C4803552898307C002BDF67 /* LabGrotesqueMono-Bold.ttf in Resources */ = {isa = PBXBuildFile; fileRef = 4C4803542898307B002BDF67 /* LabGrotesqueMono-Bold.ttf */; };
		4C48035728983082002BDF67 /* LabGrotesque-Regular.ttf in Resources */ = {isa = PBXBuildFile; fileRef = 4C48035628983082002BDF67 /* LabGrotesque-Regular.ttf */; };
		4C48035C28983B73002BDF67 /* CharacterViewController.swift in Sources */ = {isa = PBXBuildFile; fileRef = 4C48035B28983B73002BDF67 /* CharacterViewController.swift */; };
		4C48035E28983B82002BDF67 /* LocationViewController.swift in Sources */ = {isa = PBXBuildFile; fileRef = 4C48035D28983B82002BDF67 /* LocationViewController.swift */; };
		4C48036028983B97002BDF67 /* EpisodesViewController.swift in Sources */ = {isa = PBXBuildFile; fileRef = 4C48035F28983B97002BDF67 /* EpisodesViewController.swift */; };
		4C48036328983CAD002BDF67 /* СharacterTableViewCell.swift in Sources */ = {isa = PBXBuildFile; fileRef = 4C48036228983CAD002BDF67 /* СharacterTableViewCell.swift */; };
		4C48036628983DB5002BDF67 /* CharacterList.swift in Sources */ = {isa = PBXBuildFile; fileRef = 4C48036528983DB5002BDF67 /* CharacterList.swift */; };
		4C48036D28983E8A002BDF67 /* ActivityIndicator.swift in Sources */ = {isa = PBXBuildFile; fileRef = 4C48036C28983E8A002BDF67 /* ActivityIndicator.swift */; };
		4C480371289848A7002BDF67 /* LocationsTableViewCell.swift in Sources */ = {isa = PBXBuildFile; fileRef = 4C480370289848A7002BDF67 /* LocationsTableViewCell.swift */; };
		4C480373289850DF002BDF67 /* Episode.swift in Sources */ = {isa = PBXBuildFile; fileRef = 4C480372289850DF002BDF67 /* Episode.swift */; };
		4C480375289850E8002BDF67 /* Location.swift in Sources */ = {isa = PBXBuildFile; fileRef = 4C480374289850E8002BDF67 /* Location.swift */; };
		4C48037728985315002BDF67 /* Info.swift in Sources */ = {isa = PBXBuildFile; fileRef = 4C48037628985315002BDF67 /* Info.swift */; };
		4C48037928985ABF002BDF67 /* EpisodesTableViewCell.swift in Sources */ = {isa = PBXBuildFile; fileRef = 4C48037828985ABF002BDF67 /* EpisodesTableViewCell.swift */; };
		4CAD2EB928994A7B00C9637C /* NetworkManager.swift in Sources */ = {isa = PBXBuildFile; fileRef = 4CAD2EB828994A7B00C9637C /* NetworkManager.swift */; };
		FE64C7949EBE1D7F0AA00742 /* Pods_The_Rick_and_Morty.framework in Frameworks */ = {isa = PBXBuildFile; fileRef = CA21C903023BE04754CD4EE8 /* Pods_The_Rick_and_Morty.framework */; };
/* End PBXBuildFile section */

/* Begin PBXFileReference section */
		4C48032A28980841002BDF67 /* The Rick and Morty.app */ = {isa = PBXFileReference; explicitFileType = wrapper.application; includeInIndex = 0; path = "The Rick and Morty.app"; sourceTree = BUILT_PRODUCTS_DIR; };
		4C48032D28980841002BDF67 /* AppDelegate.swift */ = {isa = PBXFileReference; lastKnownFileType = sourcecode.swift; path = AppDelegate.swift; sourceTree = "<group>"; };
		4C48032F28980841002BDF67 /* SceneDelegate.swift */ = {isa = PBXFileReference; lastKnownFileType = sourcecode.swift; path = SceneDelegate.swift; sourceTree = "<group>"; };
		4C48033128980841002BDF67 /* MainViewController.swift */ = {isa = PBXFileReference; lastKnownFileType = sourcecode.swift; path = MainViewController.swift; sourceTree = "<group>"; };
		4C48033628980844002BDF67 /* Assets.xcassets */ = {isa = PBXFileReference; lastKnownFileType = folder.assetcatalog; path = Assets.xcassets; sourceTree = "<group>"; };
		4C48033928980844002BDF67 /* Base */ = {isa = PBXFileReference; lastKnownFileType = file.storyboard; name = Base; path = Base.lproj/LaunchScreen.storyboard; sourceTree = "<group>"; };
		4C48033B28980844002BDF67 /* Info.plist */ = {isa = PBXFileReference; lastKnownFileType = text.plist.xml; path = Info.plist; sourceTree = "<group>"; };
		4C48034428981939002BDF67 /* UIColor + Extensions.swift */ = {isa = PBXFileReference; lastKnownFileType = sourcecode.swift; path = "UIColor + Extensions.swift"; sourceTree = "<group>"; };
		4C4803462898193C002BDF67 /* UIFont + Extensions.swift */ = {isa = PBXFileReference; lastKnownFileType = sourcecode.swift; path = "UIFont + Extensions.swift"; sourceTree = "<group>"; };
		4C4803492898193F002BDF67 /* UILabel + Extensions.swift */ = {isa = PBXFileReference; lastKnownFileType = sourcecode.swift; path = "UILabel + Extensions.swift"; sourceTree = "<group>"; };
		4C48034B28981940002BDF67 /* UIStackView + Extensions.swift */ = {isa = PBXFileReference; lastKnownFileType = sourcecode.swift; path = "UIStackView + Extensions.swift"; sourceTree = "<group>"; };
		4C48034D28981945002BDF67 /* UIView+Extension.swift */ = {isa = PBXFileReference; lastKnownFileType = sourcecode.swift; path = "UIView+Extension.swift"; sourceTree = "<group>"; };
		4C4803542898307B002BDF67 /* LabGrotesqueMono-Bold.ttf */ = {isa = PBXFileReference; lastKnownFileType = file; path = "LabGrotesqueMono-Bold.ttf"; sourceTree = "<group>"; };
		4C48035628983082002BDF67 /* LabGrotesque-Regular.ttf */ = {isa = PBXFileReference; lastKnownFileType = file; path = "LabGrotesque-Regular.ttf"; sourceTree = "<group>"; };
		4C48035B28983B73002BDF67 /* CharacterViewController.swift */ = {isa = PBXFileReference; lastKnownFileType = sourcecode.swift; path = CharacterViewController.swift; sourceTree = "<group>"; };
		4C48035D28983B82002BDF67 /* LocationViewController.swift */ = {isa = PBXFileReference; lastKnownFileType = sourcecode.swift; path = LocationViewController.swift; sourceTree = "<group>"; };
		4C48035F28983B97002BDF67 /* EpisodesViewController.swift */ = {isa = PBXFileReference; lastKnownFileType = sourcecode.swift; path = EpisodesViewController.swift; sourceTree = "<group>"; };
		4C48036228983CAD002BDF67 /* СharacterTableViewCell.swift */ = {isa = PBXFileReference; lastKnownFileType = sourcecode.swift; path = "СharacterTableViewCell.swift"; sourceTree = "<group>"; };
		4C48036528983DB5002BDF67 /* CharacterList.swift */ = {isa = PBXFileReference; lastKnownFileType = sourcecode.swift; path = CharacterList.swift; sourceTree = "<group>"; };
		4C48036C28983E8A002BDF67 /* ActivityIndicator.swift */ = {isa = PBXFileReference; fileEncoding = 4; lastKnownFileType = sourcecode.swift; path = ActivityIndicator.swift; sourceTree = "<group>"; };
		4C480370289848A7002BDF67 /* LocationsTableViewCell.swift */ = {isa = PBXFileReference; lastKnownFileType = sourcecode.swift; path = LocationsTableViewCell.swift; sourceTree = "<group>"; };
		4C480372289850DF002BDF67 /* Episode.swift */ = {isa = PBXFileReference; lastKnownFileType = sourcecode.swift; path = Episode.swift; sourceTree = "<group>"; };
		4C480374289850E8002BDF67 /* Location.swift */ = {isa = PBXFileReference; lastKnownFileType = sourcecode.swift; path = Location.swift; sourceTree = "<group>"; };
		4C48037628985315002BDF67 /* Info.swift */ = {isa = PBXFileReference; lastKnownFileType = sourcecode.swift; path = Info.swift; sourceTree = "<group>"; };
		4C48037828985ABF002BDF67 /* EpisodesTableViewCell.swift */ = {isa = PBXFileReference; lastKnownFileType = sourcecode.swift; path = EpisodesTableViewCell.swift; sourceTree = "<group>"; };
		4CAD2EB828994A7B00C9637C /* NetworkManager.swift */ = {isa = PBXFileReference; lastKnownFileType = sourcecode.swift; path = NetworkManager.swift; sourceTree = "<group>"; };
		4E74D6D6E13B81739B2719C7 /* Pods-The Rick and Morty.release.xcconfig */ = {isa = PBXFileReference; includeInIndex = 1; lastKnownFileType = text.xcconfig; name = "Pods-The Rick and Morty.release.xcconfig"; path = "Target Support Files/Pods-The Rick and Morty/Pods-The Rick and Morty.release.xcconfig"; sourceTree = "<group>"; };
		C26736B12CD2D4906929030F /* Pods-The Rick and Morty.debug.xcconfig */ = {isa = PBXFileReference; includeInIndex = 1; lastKnownFileType = text.xcconfig; name = "Pods-The Rick and Morty.debug.xcconfig"; path = "Target Support Files/Pods-The Rick and Morty/Pods-The Rick and Morty.debug.xcconfig"; sourceTree = "<group>"; };
		CA21C903023BE04754CD4EE8 /* Pods_The_Rick_and_Morty.framework */ = {isa = PBXFileReference; explicitFileType = wrapper.framework; includeInIndex = 0; path = Pods_The_Rick_and_Morty.framework; sourceTree = BUILT_PRODUCTS_DIR; };
/* End PBXFileReference section */

/* Begin PBXFrameworksBuildPhase section */
		4C48032728980841002BDF67 /* Frameworks */ = {
			isa = PBXFrameworksBuildPhase;
			buildActionMask = 2147483647;
			files = (
				FE64C7949EBE1D7F0AA00742 /* Pods_The_Rick_and_Morty.framework in Frameworks */,
			);
			runOnlyForDeploymentPostprocessing = 0;
		};
/* End PBXFrameworksBuildPhase section */

/* Begin PBXGroup section */
		16A075673A7C71FE603C0691 /* Pods */ = {
			isa = PBXGroup;
			children = (
				C26736B12CD2D4906929030F /* Pods-The Rick and Morty.debug.xcconfig */,
				4E74D6D6E13B81739B2719C7 /* Pods-The Rick and Morty.release.xcconfig */,
			);
			path = Pods;
			sourceTree = "<group>";
		};
		4C48032128980841002BDF67 = {
			isa = PBXGroup;
			children = (
				4C48032C28980841002BDF67 /* The Rick and Morty */,
				4C48032B28980841002BDF67 /* Products */,
				16A075673A7C71FE603C0691 /* Pods */,
				720770B7D8A963B7A3FEB8D0 /* Frameworks */,
			);
			sourceTree = "<group>";
		};
		4C48032B28980841002BDF67 /* Products */ = {
			isa = PBXGroup;
			children = (
				4C48032A28980841002BDF67 /* The Rick and Morty.app */,
			);
			name = Products;
			sourceTree = "<group>";
		};
		4C48032C28980841002BDF67 /* The Rick and Morty */ = {
			isa = PBXGroup;
			children = (
				4C480341289808C9002BDF67 /* Application */,
				4C48036728983E02002BDF67 /* Services */,
				4C48036428983DAA002BDF67 /* Models */,
				4C48036128983C92002BDF67 /* Cells */,
				4C48035A28983B54002BDF67 /* ViewControllers */,
				4C48035128981F8A002BDF67 /* Extensions */,
				4C48035928983AB5002BDF67 /* Resources */,
			);
			path = "The Rick and Morty";
			sourceTree = "<group>";
		};
		4C480341289808C9002BDF67 /* Application */ = {
			isa = PBXGroup;
			children = (
				4C48032D28980841002BDF67 /* AppDelegate.swift */,
				4C48032F28980841002BDF67 /* SceneDelegate.swift */,
			);
			path = Application;
			sourceTree = "<group>";
		};
		4C48035128981F8A002BDF67 /* Extensions */ = {
			isa = PBXGroup;
			children = (
				4C48036C28983E8A002BDF67 /* ActivityIndicator.swift */,
				4C48034428981939002BDF67 /* UIColor + Extensions.swift */,
				4C4803462898193C002BDF67 /* UIFont + Extensions.swift */,
				4C4803492898193F002BDF67 /* UILabel + Extensions.swift */,
				4C48034B28981940002BDF67 /* UIStackView + Extensions.swift */,
				4C48034D28981945002BDF67 /* UIView+Extension.swift */,
			);
			path = Extensions;
			sourceTree = "<group>";
		};
		4C4803582898308F002BDF67 /* Fonts */ = {
			isa = PBXGroup;
			children = (
				4C4803542898307B002BDF67 /* LabGrotesqueMono-Bold.ttf */,
				4C48035628983082002BDF67 /* LabGrotesque-Regular.ttf */,
			);
			path = Fonts;
			sourceTree = "<group>";
		};
		4C48035928983AB5002BDF67 /* Resources */ = {
			isa = PBXGroup;
			children = (
				4C4803582898308F002BDF67 /* Fonts */,
				4C48033828980844002BDF67 /* LaunchScreen.storyboard */,
				4C48033628980844002BDF67 /* Assets.xcassets */,
				4C48033B28980844002BDF67 /* Info.plist */,
			);
			path = Resources;
			sourceTree = "<group>";
		};
		4C48035A28983B54002BDF67 /* ViewControllers */ = {
			isa = PBXGroup;
			children = (
				4C48033128980841002BDF67 /* MainViewController.swift */,
				4C48035B28983B73002BDF67 /* CharacterViewController.swift */,
				4C48035D28983B82002BDF67 /* LocationViewController.swift */,
				4C48035F28983B97002BDF67 /* EpisodesViewController.swift */,
			);
			path = ViewControllers;
			sourceTree = "<group>";
		};
		4C48036128983C92002BDF67 /* Cells */ = {
			isa = PBXGroup;
			children = (
				4C48036228983CAD002BDF67 /* СharacterTableViewCell.swift */,
				4C480370289848A7002BDF67 /* LocationsTableViewCell.swift */,
				4C48037828985ABF002BDF67 /* EpisodesTableViewCell.swift */,
			);
			path = Cells;
			sourceTree = "<group>";
		};
		4C48036428983DAA002BDF67 /* Models */ = {
			isa = PBXGroup;
			children = (
				4C48036528983DB5002BDF67 /* CharacterList.swift */,
				4C480372289850DF002BDF67 /* Episode.swift */,
				4C480374289850E8002BDF67 /* Location.swift */,
				4C48037628985315002BDF67 /* Info.swift */,
			);
			path = Models;
			sourceTree = "<group>";
		};
		4C48036728983E02002BDF67 /* Services */ = {
			isa = PBXGroup;
			children = (
				4CAD2EB828994A7B00C9637C /* NetworkManager.swift */,
			);
			path = Services;
			sourceTree = "<group>";
		};
		720770B7D8A963B7A3FEB8D0 /* Frameworks */ = {
			isa = PBXGroup;
			children = (
				CA21C903023BE04754CD4EE8 /* Pods_The_Rick_and_Morty.framework */,
			);
			name = Frameworks;
			sourceTree = "<group>";
		};
/* End PBXGroup section */

/* Begin PBXNativeTarget section */
		4C48032928980841002BDF67 /* The Rick and Morty */ = {
			isa = PBXNativeTarget;
			buildConfigurationList = 4C48033E28980844002BDF67 /* Build configuration list for PBXNativeTarget "The Rick and Morty" */;
			buildPhases = (
				D951C84B529784DCE003B3C0 /* [CP] Check Pods Manifest.lock */,
				4C48032628980841002BDF67 /* Sources */,
				4C48032728980841002BDF67 /* Frameworks */,
				4C48032828980841002BDF67 /* Resources */,
				F554A90E21BD65653F1DD0AA /* [CP] Embed Pods Frameworks */,
			);
			buildRules = (
			);
			dependencies = (
			);
			name = "The Rick and Morty";
			productName = "The Rick and Morty";
			productReference = 4C48032A28980841002BDF67 /* The Rick and Morty.app */;
			productType = "com.apple.product-type.application";
		};
/* End PBXNativeTarget section */

/* Begin PBXProject section */
		4C48032228980841002BDF67 /* Project object */ = {
			isa = PBXProject;
			attributes = {
				BuildIndependentTargetsInParallel = 1;
				LastSwiftUpdateCheck = 1340;
				LastUpgradeCheck = 1340;
				TargetAttributes = {
					4C48032928980841002BDF67 = {
						CreatedOnToolsVersion = 13.4.1;
					};
				};
			};
			buildConfigurationList = 4C48032528980841002BDF67 /* Build configuration list for PBXProject "The Rick and Morty" */;
			compatibilityVersion = "Xcode 13.0";
			developmentRegion = en;
			hasScannedForEncodings = 0;
			knownRegions = (
				en,
				Base,
			);
			mainGroup = 4C48032128980841002BDF67;
			productRefGroup = 4C48032B28980841002BDF67 /* Products */;
			projectDirPath = "";
			projectRoot = "";
			targets = (
				4C48032928980841002BDF67 /* The Rick and Morty */,
			);
		};
/* End PBXProject section */

/* Begin PBXResourcesBuildPhase section */
		4C48032828980841002BDF67 /* Resources */ = {
			isa = PBXResourcesBuildPhase;
			buildActionMask = 2147483647;
			files = (
				4C48033A28980844002BDF67 /* LaunchScreen.storyboard in Resources */,
				4C48035728983082002BDF67 /* LabGrotesque-Regular.ttf in Resources */,
				4C4803552898307C002BDF67 /* LabGrotesqueMono-Bold.ttf in Resources */,
				4C48033728980844002BDF67 /* Assets.xcassets in Resources */,
			);
			runOnlyForDeploymentPostprocessing = 0;
		};
/* End PBXResourcesBuildPhase section */

/* Begin PBXShellScriptBuildPhase section */
		D951C84B529784DCE003B3C0 /* [CP] Check Pods Manifest.lock */ = {
			isa = PBXShellScriptBuildPhase;
			buildActionMask = 2147483647;
			files = (
			);
			inputFileListPaths = (
			);
			inputPaths = (
				"${PODS_PODFILE_DIR_PATH}/Podfile.lock",
				"${PODS_ROOT}/Manifest.lock",
			);
			name = "[CP] Check Pods Manifest.lock";
			outputFileListPaths = (
			);
			outputPaths = (
				"$(DERIVED_FILE_DIR)/Pods-The Rick and Morty-checkManifestLockResult.txt",
			);
			runOnlyForDeploymentPostprocessing = 0;
			shellPath = /bin/sh;
			shellScript = "diff \"${PODS_PODFILE_DIR_PATH}/Podfile.lock\" \"${PODS_ROOT}/Manifest.lock\" > /dev/null\nif [ $? != 0 ] ; then\n    # print error to STDERR\n    echo \"error: The sandbox is not in sync with the Podfile.lock. Run 'pod install' or update your CocoaPods installation.\" >&2\n    exit 1\nfi\n# This output is used by Xcode 'outputs' to avoid re-running this script phase.\necho \"SUCCESS\" > \"${SCRIPT_OUTPUT_FILE_0}\"\n";
			showEnvVarsInLog = 0;
		};
		F554A90E21BD65653F1DD0AA /* [CP] Embed Pods Frameworks */ = {
			isa = PBXShellScriptBuildPhase;
			buildActionMask = 2147483647;
			files = (
			);
			inputFileListPaths = (
				"${PODS_ROOT}/Target Support Files/Pods-The Rick and Morty/Pods-The Rick and Morty-frameworks-${CONFIGURATION}-input-files.xcfilelist",
			);
			name = "[CP] Embed Pods Frameworks";
			outputFileListPaths = (
				"${PODS_ROOT}/Target Support Files/Pods-The Rick and Morty/Pods-The Rick and Morty-frameworks-${CONFIGURATION}-output-files.xcfilelist",
			);
			runOnlyForDeploymentPostprocessing = 0;
			shellPath = /bin/sh;
			shellScript = "\"${PODS_ROOT}/Target Support Files/Pods-The Rick and Morty/Pods-The Rick and Morty-frameworks.sh\"\n";
			showEnvVarsInLog = 0;
		};
/* End PBXShellScriptBuildPhase section */

/* Begin PBXSourcesBuildPhase section */
		4C48032628980841002BDF67 /* Sources */ = {
			isa = PBXSourcesBuildPhase;
			buildActionMask = 2147483647;
			files = (
				4C48033228980841002BDF67 /* MainViewController.swift in Sources */,
				4C48034528981939002BDF67 /* UIColor + Extensions.swift in Sources */,
				4C48034E28981945002BDF67 /* UIView+Extension.swift in Sources */,
				4C48036328983CAD002BDF67 /* СharacterTableViewCell.swift in Sources */,
				4C48034C28981940002BDF67 /* UIStackView + Extensions.swift in Sources */,
				4C48034A2898193F002BDF67 /* UILabel + Extensions.swift in Sources */,
				4C48035E28983B82002BDF67 /* LocationViewController.swift in Sources */,
				4C48037928985ABF002BDF67 /* EpisodesTableViewCell.swift in Sources */,
				4C48036028983B97002BDF67 /* EpisodesViewController.swift in Sources */,
				4C4803472898193C002BDF67 /* UIFont + Extensions.swift in Sources */,
				4CAD2EB928994A7B00C9637C /* NetworkManager.swift in Sources */,
				4C480371289848A7002BDF67 /* LocationsTableViewCell.swift in Sources */,
				4C48036628983DB5002BDF67 /* CharacterList.swift in Sources */,
				4C480375289850E8002BDF67 /* Location.swift in Sources */,
				4C480373289850DF002BDF67 /* Episode.swift in Sources */,
				4C48035C28983B73002BDF67 /* CharacterViewController.swift in Sources */,
				4C48032E28980841002BDF67 /* AppDelegate.swift in Sources */,
				4C48033028980841002BDF67 /* SceneDelegate.swift in Sources */,
				4C48036D28983E8A002BDF67 /* ActivityIndicator.swift in Sources */,
				4C48037728985315002BDF67 /* Info.swift in Sources */,
			);
			runOnlyForDeploymentPostprocessing = 0;
		};
/* End PBXSourcesBuildPhase section */

/* Begin PBXVariantGroup section */
		4C48033828980844002BDF67 /* LaunchScreen.storyboard */ = {
			isa = PBXVariantGroup;
			children = (
				4C48033928980844002BDF67 /* Base */,
			);
			name = LaunchScreen.storyboard;
			sourceTree = "<group>";
		};
/* End PBXVariantGroup section */

/* Begin XCBuildConfiguration section */
		4C48033C28980844002BDF67 /* Debug */ = {
			isa = XCBuildConfiguration;
			buildSettings = {
				ALWAYS_SEARCH_USER_PATHS = NO;
				CLANG_ANALYZER_NONNULL = YES;
				CLANG_ANALYZER_NUMBER_OBJECT_CONVERSION = YES_AGGRESSIVE;
				CLANG_CXX_LANGUAGE_STANDARD = "gnu++17";
				CLANG_ENABLE_MODULES = YES;
				CLANG_ENABLE_OBJC_ARC = YES;
				CLANG_ENABLE_OBJC_WEAK = YES;
				CLANG_WARN_BLOCK_CAPTURE_AUTORELEASING = YES;
				CLANG_WARN_BOOL_CONVERSION = YES;
				CLANG_WARN_COMMA = YES;
				CLANG_WARN_CONSTANT_CONVERSION = YES;
				CLANG_WARN_DEPRECATED_OBJC_IMPLEMENTATIONS = YES;
				CLANG_WARN_DIRECT_OBJC_ISA_USAGE = YES_ERROR;
				CLANG_WARN_DOCUMENTATION_COMMENTS = YES;
				CLANG_WARN_EMPTY_BODY = YES;
				CLANG_WARN_ENUM_CONVERSION = YES;
				CLANG_WARN_INFINITE_RECURSION = YES;
				CLANG_WARN_INT_CONVERSION = YES;
				CLANG_WARN_NON_LITERAL_NULL_CONVERSION = YES;
				CLANG_WARN_OBJC_IMPLICIT_RETAIN_SELF = YES;
				CLANG_WARN_OBJC_LITERAL_CONVERSION = YES;
				CLANG_WARN_OBJC_ROOT_CLASS = YES_ERROR;
				CLANG_WARN_QUOTED_INCLUDE_IN_FRAMEWORK_HEADER = YES;
				CLANG_WARN_RANGE_LOOP_ANALYSIS = YES;
				CLANG_WARN_STRICT_PROTOTYPES = YES;
				CLANG_WARN_SUSPICIOUS_MOVE = YES;
				CLANG_WARN_UNGUARDED_AVAILABILITY = YES_AGGRESSIVE;
				CLANG_WARN_UNREACHABLE_CODE = YES;
				CLANG_WARN__DUPLICATE_METHOD_MATCH = YES;
				COPY_PHASE_STRIP = NO;
				DEBUG_INFORMATION_FORMAT = dwarf;
				ENABLE_STRICT_OBJC_MSGSEND = YES;
				ENABLE_TESTABILITY = YES;
				GCC_C_LANGUAGE_STANDARD = gnu11;
				GCC_DYNAMIC_NO_PIC = NO;
				GCC_NO_COMMON_BLOCKS = YES;
				GCC_OPTIMIZATION_LEVEL = 0;
				GCC_PREPROCESSOR_DEFINITIONS = (
					"DEBUG=1",
					"$(inherited)",
				);
				GCC_WARN_64_TO_32_BIT_CONVERSION = YES;
				GCC_WARN_ABOUT_RETURN_TYPE = YES_ERROR;
				GCC_WARN_UNDECLARED_SELECTOR = YES;
				GCC_WARN_UNINITIALIZED_AUTOS = YES_AGGRESSIVE;
				GCC_WARN_UNUSED_FUNCTION = YES;
				GCC_WARN_UNUSED_VARIABLE = YES;
				IPHONEOS_DEPLOYMENT_TARGET = 13.0;
				MTL_ENABLE_DEBUG_INFO = INCLUDE_SOURCE;
				MTL_FAST_MATH = YES;
				ONLY_ACTIVE_ARCH = YES;
				SDKROOT = iphoneos;
				SWIFT_ACTIVE_COMPILATION_CONDITIONS = DEBUG;
				SWIFT_OPTIMIZATION_LEVEL = "-Onone";
			};
			name = Debug;
		};
		4C48033D28980844002BDF67 /* Release */ = {
			isa = XCBuildConfiguration;
			buildSettings = {
				ALWAYS_SEARCH_USER_PATHS = NO;
				CLANG_ANALYZER_NONNULL = YES;
				CLANG_ANALYZER_NUMBER_OBJECT_CONVERSION = YES_AGGRESSIVE;
				CLANG_CXX_LANGUAGE_STANDARD = "gnu++17";
				CLANG_ENABLE_MODULES = YES;
				CLANG_ENABLE_OBJC_ARC = YES;
				CLANG_ENABLE_OBJC_WEAK = YES;
				CLANG_WARN_BLOCK_CAPTURE_AUTORELEASING = YES;
				CLANG_WARN_BOOL_CONVERSION = YES;
				CLANG_WARN_COMMA = YES;
				CLANG_WARN_CONSTANT_CONVERSION = YES;
				CLANG_WARN_DEPRECATED_OBJC_IMPLEMENTATIONS = YES;
				CLANG_WARN_DIRECT_OBJC_ISA_USAGE = YES_ERROR;
				CLANG_WARN_DOCUMENTATION_COMMENTS = YES;
				CLANG_WARN_EMPTY_BODY = YES;
				CLANG_WARN_ENUM_CONVERSION = YES;
				CLANG_WARN_INFINITE_RECURSION = YES;
				CLANG_WARN_INT_CONVERSION = YES;
				CLANG_WARN_NON_LITERAL_NULL_CONVERSION = YES;
				CLANG_WARN_OBJC_IMPLICIT_RETAIN_SELF = YES;
				CLANG_WARN_OBJC_LITERAL_CONVERSION = YES;
				CLANG_WARN_OBJC_ROOT_CLASS = YES_ERROR;
				CLANG_WARN_QUOTED_INCLUDE_IN_FRAMEWORK_HEADER = YES;
				CLANG_WARN_RANGE_LOOP_ANALYSIS = YES;
				CLANG_WARN_STRICT_PROTOTYPES = YES;
				CLANG_WARN_SUSPICIOUS_MOVE = YES;
				CLANG_WARN_UNGUARDED_AVAILABILITY = YES_AGGRESSIVE;
				CLANG_WARN_UNREACHABLE_CODE = YES;
				CLANG_WARN__DUPLICATE_METHOD_MATCH = YES;
				COPY_PHASE_STRIP = NO;
				DEBUG_INFORMATION_FORMAT = "dwarf-with-dsym";
				ENABLE_NS_ASSERTIONS = NO;
				ENABLE_STRICT_OBJC_MSGSEND = YES;
				GCC_C_LANGUAGE_STANDARD = gnu11;
				GCC_NO_COMMON_BLOCKS = YES;
				GCC_WARN_64_TO_32_BIT_CONVERSION = YES;
				GCC_WARN_ABOUT_RETURN_TYPE = YES_ERROR;
				GCC_WARN_UNDECLARED_SELECTOR = YES;
				GCC_WARN_UNINITIALIZED_AUTOS = YES_AGGRESSIVE;
				GCC_WARN_UNUSED_FUNCTION = YES;
				GCC_WARN_UNUSED_VARIABLE = YES;
				IPHONEOS_DEPLOYMENT_TARGET = 13.0;
				MTL_ENABLE_DEBUG_INFO = NO;
				MTL_FAST_MATH = YES;
				SDKROOT = iphoneos;
				SWIFT_COMPILATION_MODE = wholemodule;
				SWIFT_OPTIMIZATION_LEVEL = "-O";
				VALIDATE_PRODUCT = YES;
			};
			name = Release;
		};
		4C48033F28980844002BDF67 /* Debug */ = {
			isa = XCBuildConfiguration;
			baseConfigurationReference = C26736B12CD2D4906929030F /* Pods-The Rick and Morty.debug.xcconfig */;
			buildSettings = {
				ASSETCATALOG_COMPILER_APPICON_NAME = AppIcon;
				ASSETCATALOG_COMPILER_GLOBAL_ACCENT_COLOR_NAME = AccentColor;
				CODE_SIGN_STYLE = Automatic;
				CURRENT_PROJECT_VERSION = 1;
				DEVELOPMENT_TEAM = SQPM757FFZ;
				GENERATE_INFOPLIST_FILE = YES;
				INFOPLIST_FILE = "The Rick and Morty/Resources/Info.plist";
				INFOPLIST_KEY_UIApplicationSupportsIndirectInputEvents = YES;
				INFOPLIST_KEY_UILaunchStoryboardName = LaunchScreen;
				INFOPLIST_KEY_UISupportedInterfaceOrientations = UIInterfaceOrientationPortrait;
				INFOPLIST_KEY_UISupportedInterfaceOrientations_iPad = "UIInterfaceOrientationPortrait UIInterfaceOrientationPortraitUpsideDown UIInterfaceOrientationLandscapeLeft UIInterfaceOrientationLandscapeRight";
				INFOPLIST_KEY_UISupportedInterfaceOrientations_iPhone = "UIInterfaceOrientationPortrait UIInterfaceOrientationLandscapeLeft UIInterfaceOrientationLandscapeRight";
				LD_RUNPATH_SEARCH_PATHS = (
					"$(inherited)",
					"@executable_path/Frameworks",
				);
				MARKETING_VERSION = 1.0;
				PRODUCT_BUNDLE_IDENTIFIER = "The-Rick-and-Morty.The-Rick-and-Morty";
				PRODUCT_NAME = "$(TARGET_NAME)";
				SWIFT_EMIT_LOC_STRINGS = YES;
				SWIFT_VERSION = 5.0;
				TARGETED_DEVICE_FAMILY = "1,2";
			};
			name = Debug;
		};
		4C48034028980844002BDF67 /* Release */ = {
			isa = XCBuildConfiguration;
			baseConfigurationReference = 4E74D6D6E13B81739B2719C7 /* Pods-The Rick and Morty.release.xcconfig */;
			buildSettings = {
				ASSETCATALOG_COMPILER_APPICON_NAME = AppIcon;
				ASSETCATALOG_COMPILER_GLOBAL_ACCENT_COLOR_NAME = AccentColor;
				CODE_SIGN_STYLE = Automatic;
				CURRENT_PROJECT_VERSION = 1;
				DEVELOPMENT_TEAM = SQPM757FFZ;
				GENERATE_INFOPLIST_FILE = YES;
				INFOPLIST_FILE = "The Rick and Morty/Resources/Info.plist";
				INFOPLIST_KEY_UIApplicationSupportsIndirectInputEvents = YES;
				INFOPLIST_KEY_UILaunchStoryboardName = LaunchScreen;
				INFOPLIST_KEY_UISupportedInterfaceOrientations = UIInterfaceOrientationPortrait;
				INFOPLIST_KEY_UISupportedInterfaceOrientations_iPad = "UIInterfaceOrientationPortrait UIInterfaceOrientationPortraitUpsideDown UIInterfaceOrientationLandscapeLeft UIInterfaceOrientationLandscapeRight";
				INFOPLIST_KEY_UISupportedInterfaceOrientations_iPhone = "UIInterfaceOrientationPortrait UIInterfaceOrientationLandscapeLeft UIInterfaceOrientationLandscapeRight";
				LD_RUNPATH_SEARCH_PATHS = (
					"$(inherited)",
					"@executable_path/Frameworks",
				);
				MARKETING_VERSION = 1.0;
				PRODUCT_BUNDLE_IDENTIFIER = "The-Rick-and-Morty.The-Rick-and-Morty";
				PRODUCT_NAME = "$(TARGET_NAME)";
				SWIFT_EMIT_LOC_STRINGS = YES;
				SWIFT_VERSION = 5.0;
				TARGETED_DEVICE_FAMILY = "1,2";
			};
			name = Release;
		};
/* End XCBuildConfiguration section */

/* Begin XCConfigurationList section */
		4C48032528980841002BDF67 /* Build configuration list for PBXProject "The Rick and Morty" */ = {
			isa = XCConfigurationList;
			buildConfigurations = (
				4C48033C28980844002BDF67 /* Debug */,
				4C48033D28980844002BDF67 /* Release */,
			);
			defaultConfigurationIsVisible = 0;
			defaultConfigurationName = Release;
		};
		4C48033E28980844002BDF67 /* Build configuration list for PBXNativeTarget "The Rick and Morty" */ = {
			isa = XCConfigurationList;
			buildConfigurations = (
				4C48033F28980844002BDF67 /* Debug */,
				4C48034028980844002BDF67 /* Release */,
			);
			defaultConfigurationIsVisible = 0;
			defaultConfigurationName = Release;
		};
/* End XCConfigurationList section */
	};
	rootObject = 4C48032228980841002BDF67 /* Project object */;
}
